{
    "name": "preact-render-to-stream",
    "version": "0.5.0",
    "lockfileVersion": 3,
    "requires": true,
    "packages": {
        "": {
            "name": "preact-render-to-stream",
            "version": "0.5.0",
            "license": "MIT",
            "devDependencies": {
                "@types/node": "^22.7.5",
                "htm": "^3.1.1",
                "preact": "^10.24.2",
                "preact-render-to-string": "^6.5.11",
                "typescript": "^5.6.3"
            },
            "engines": {
                "node": ">=22.8"
            },
            "peerDependencies": {
                "preact": "10.x",
                "preact-render-to-string": "6.x"
            }
        },
        "node_modules/@types/node": {
            "version": "22.7.5",
            "resolved": "https://registry.npmjs.org/@types/node/-/node-22.7.5.tgz",
            "integrity": "sha512-jML7s2NAzMWc//QSJ1a3prpk78cOPchGvXJsC3C6R6PSMoooztvRVQEz89gmBTBY1SPMaqo5teB4uNHPdetShQ==",
            "dev": true,
            "license": "MIT",
            "dependencies": {
                "undici-types": "~6.19.2"
            }
        },
        "node_modules/htm": {
            "version": "3.1.1",
            "resolved": "https://registry.npmjs.org/htm/-/htm-3.1.1.tgz",
            "integrity": "sha512-983Vyg8NwUE7JkZ6NmOqpCZ+sh1bKv2iYTlUkzlWmA5JD2acKoxd4KVxbMmxX/85mtfdnDmTFoNKcg5DGAvxNQ==",
            "dev": true,
            "license": "Apache-2.0"
        },
        "node_modules/preact": {
            "version": "10.24.2",
            "resolved": "https://registry.npmjs.org/preact/-/preact-10.24.2.tgz",
            "integrity": "sha512-1cSoF0aCC8uaARATfrlz4VCBqE8LwZwRfLgkxJOQwAlQt6ayTmi0D9OF7nXid1POI5SZidFuG9CnlXbDfLqY/Q==",
            "dev": true,
            "license": "MIT",
            "funding": {
                "type": "opencollective",
                "url": "https://opencollective.com/preact"
            }
        },
        "node_modules/preact-render-to-string": {
            "version": "6.5.11",
            "resolved": "https://registry.npmjs.org/preact-render-to-string/-/preact-render-to-string-6.5.11.tgz",
            "integrity": "sha512-ubnauqoGczeGISiOh6RjX0/cdaF8v/oDXIjO85XALCQjwQP+SB4RDXXtvZ6yTYSjG+PC1QRP2AhPgCEsM2EvUw==",
            "dev": true,
            "license": "MIT",
            "peerDependencies": {
                "preact": ">=10"
            }
        },
        "node_modules/typescript": {
            "version": "5.6.3",
            "resolved": "https://registry.npmjs.org/typescript/-/typescript-5.6.3.tgz",
            "integrity": "sha512-hjcS1mhfuyi4WW8IWtjP7brDrG2cuDZukyrYrSauoXGNgx0S7zceP07adYkJycEr56BOUTNPzbInooiN3fn1qw==",
            "dev": true,
            "license": "Apache-2.0",
            "bin": {
                "tsc": "bin/tsc",
                "tsserver": "bin/tsserver"
            },
            "engines": {
                "node": ">=14.17"
            }
        },
        "node_modules/undici-types": {
            "version": "6.19.8",
            "resolved": "https://registry.npmjs.org/undici-types/-/undici-types-6.19.8.tgz",
            "integrity": "sha512-ve2KP6f/JnbPBFyobGHuerC9g1FYGn/F8n1LWTwNxCEzd6IfqTwUQcNXgEtmmQ6DlRrC1hrSrBnCZPokRrDHjw==",
            "dev": true,
            "license": "MIT"
        }
    }
}
